
Microsoft Visual Studio Solution File, Format Version 12.00
# Visual Studio 15
VisualStudioVersion = 15.0.28307.329
MinimumVisualStudioVersion = 10.0.40219.1
Project("{9A19103F-16F7-4668-BE54-9A1E7A4F7556}") = "School.DataLayer", "School.DataLayer\School.DataLayer.csproj", "{E15B7C3B-0801-4852-9A13-DC9F5E3CEAA2}"
EndProject
Project("{9A19103F-16F7-4668-BE54-9A1E7A4F7556}") = "School.Api", "School.Api\School.Api.csproj", "{C9F115A7-A041-4880-8908-9367936DB8F5}"
EndProject
Project("{FAE04EC0-301F-11D3-BF4B-00C04F79EFBC}") = "School.Domain", "School.Domain\School.Domain.csproj", "{73E2BC38-082A-4946-AE29-346D1749DFF2}"
EndProject
Project("{FAE04EC0-301F-11D3-BF4B-00C04F79EFBC}") = "School.Repositories", "School.Repositories\School.Repositories.csproj", "{539849CF-211C-426F-A2AF-5A6B4C1ADA5A}"
EndProject
Global
	GlobalSection(SolutionConfigurationPlatforms) = preSolution
		Debug|Any CPU = Debug|Any CPU
		Release|Any CPU = Release|Any CPU
	EndGlobalSection
	GlobalSection(ProjectConfigurationPlatforms) = postSolution
		{E15B7C3B-0801-4852-9A13-DC9F5E3CEAA2}.Debug|Any CPU.ActiveCfg = Debug|Any CPU
		{E15B7C3B-0801-4852-9A13-DC9F5E3CEAA2}.Debug|Any CPU.Build.0 = Debug|Any CPU
		{E15B7C3B-0801-4852-9A13-DC9F5E3CEAA2}.Release|Any CPU.ActiveCfg = Release|Any CPU
		{E15B7C3B-0801-4852-9A13-DC9F5E3CEAA2}.Release|Any CPU.Build.0 = Release|Any CPU
		{C9F115A7-A041-4880-8908-9367936DB8F5}.Debug|Any CPU.ActiveCfg = Debug|Any CPU
		{C9F115A7-A041-4880-8908-9367936DB8F5}.Debug|Any CPU.Build.0 = Debug|Any CPU
		{C9F115A7-A041-4880-8908-9367936DB8F5}.Release|Any CPU.ActiveCfg = Release|Any CPU
		{C9F115A7-A041-4880-8908-9367936DB8F5}.Release|Any CPU.Build.0 = Release|Any CPU
		{73E2BC38-082A-4946-AE29-346D1749DFF2}.Debug|Any CPU.ActiveCfg = Debug|Any CPU
		{73E2BC38-082A-4946-AE29-346D1749DFF2}.Debug|Any CPU.Build.0 = Debug|Any CPU
		{73E2BC38-082A-4946-AE29-346D1749DFF2}.Release|Any CPU.ActiveCfg = Release|Any CPU
		{73E2BC38-082A-4946-AE29-346D1749DFF2}.Release|Any CPU.Build.0 = Release|Any CPU
		{539849CF-211C-426F-A2AF-5A6B4C1ADA5A}.Debug|Any CPU.ActiveCfg = Debug|Any CPU
		{539849CF-211C-426F-A2AF-5A6B4C1ADA5A}.Debug|Any CPU.Build.0 = Debug|Any CPU
		{539849CF-211C-426F-A2AF-5A6B4C1ADA5A}.Release|Any CPU.ActiveCfg = Release|Any CPU
		{539849CF-211C-426F-A2AF-5A6B4C1ADA5A}.Release|Any CPU.Build.0 = Release|Any CPU
	EndGlobalSection
	GlobalSection(SolutionProperties) = preSolution
		HideSolutionNode = FALSE
	EndGlobalSection
	GlobalSection(ExtensibilityGlobals) = postSolution
		SolutionGuid = {4A8AC22A-8827-4F20-84AD-324C7361D110}
	EndGlobalSection
EndGlobal
